
Microsoft Visual Studio Solution File, Format Version 12.00
# Visual Studio Version 17
VisualStudioVersion = 17.11.35303.130
MinimumVisualStudioVersion = 10.0.40219.1
Project("{FAE04EC0-301F-11D3-BF4B-00C04F79EFBC}") = "MakeSalad", "Task_2.1\MakeSalad.csproj", "{EE5878FD-36CF-470F-9E83-A40773578F39}"
EndProject
Global
	GlobalSection(SolutionConfigurationPlatforms) = preSolution
		Debug|Any CPU = Debug|Any CPU
		Release|Any CPU = Release|Any CPU
	EndGlobalSection
	GlobalSection(ProjectConfigurationPlatforms) = postSolution
		{EE5878FD-36CF-470F-9E83-A40773578F39}.Debug|Any CPU.ActiveCfg = Debug|Any CPU
		{EE5878FD-36CF-470F-9E83-A40773578F39}.Debug|Any CPU.Build.0 = Debug|Any CPU
		{EE5878FD-36CF-470F-9E83-A40773578F39}.Release|Any CPU.ActiveCfg = Release|Any CPU
		{EE5878FD-36CF-470F-9E83-A40773578F39}.Release|Any CPU.Build.0 = Release|Any CPU
	EndGlobalSection
	GlobalSection(SolutionProperties) = preSolution
		HideSolutionNode = FALSE
	EndGlobalSection
EndGlobal
